{
  "requires": true,
  "lockfileVersion": 1,
  "dependencies": {
    "@nebular/auth": {
      "version": "2.0.0-rc.6",
      "resolved": "https://registry.npmjs.org/@nebular/auth/-/auth-2.0.0-rc.6.tgz",
      "integrity": "sha512-DRdU1xcTO1lDTBFZuy2XJKQjpatCp+nimaBtxCfX8Pel+FpKMF6IITuRpPF5sfPYTYPo2F1Tr3LY0b3LEOuBNA=="
    }
  }
}
